// !$*UTF8*$!
{
	archiveVersion = 1;
	classes = {
	};
	objectVersion = 50;
	objects = {

/* Begin PBXBuildFile section */
		0A776AFB20E9437A0070B765 /* AppDelegate.swift in Sources */ = {isa = PBXBuildFile; fileRef = 0A776AFA20E9437A0070B765 /* AppDelegate.swift */; };
		0A776B0020E9437A0070B765 /* Main.storyboard in Resources */ = {isa = PBXBuildFile; fileRef = 0A776AFE20E9437A0070B765 /* Main.storyboard */; };
		0A776B0220E9437A0070B765 /* Assets.xcassets in Resources */ = {isa = PBXBuildFile; fileRef = 0A776B0120E9437A0070B765 /* Assets.xcassets */; };
		0A776B0520E9437A0070B765 /* LaunchScreen.storyboard in Resources */ = {isa = PBXBuildFile; fileRef = 0A776B0320E9437A0070B765 /* LaunchScreen.storyboard */; };
		0A776B2820E944620070B765 /* GenericCollectionViewDataSource.swift in Sources */ = {isa = PBXBuildFile; fileRef = 0A776B0F20E944620070B765 /* GenericCollectionViewDataSource.swift */; };
		0A776B2920E944620070B765 /* SizingType.swift in Sources */ = {isa = PBXBuildFile; fileRef = 0A776B1220E944620070B765 /* SizingType.swift */; };
		0A776B2A20E944620070B765 /* CollectionCellType.swift in Sources */ = {isa = PBXBuildFile; fileRef = 0A776B1320E944620070B765 /* CollectionCellType.swift */; };
		0A776B2B20E944620070B765 /* GenericCellConfigurator.swift in Sources */ = {isa = PBXBuildFile; fileRef = 0A776B1720E944620070B765 /* GenericCellConfigurator.swift */; };
		0A776B2C20E944620070B765 /* GenericCollectionViewDelegate.swift in Sources */ = {isa = PBXBuildFile; fileRef = 0A776B1920E944620070B765 /* GenericCollectionViewDelegate.swift */; };
		0A776B2D20E944620070B765 /* GenericCollectionCellSelfSizingProtocol.swift in Sources */ = {isa = PBXBuildFile; fileRef = 0A776B1B20E944620070B765 /* GenericCollectionCellSelfSizingProtocol.swift */; };
		0A776B2E20E944620070B765 /* GenericCollectionHeaderProtocol.swift in Sources */ = {isa = PBXBuildFile; fileRef = 0A776B1C20E944620070B765 /* GenericCollectionHeaderProtocol.swift */; };
		0A776B2F20E944620070B765 /* GenericCollectionActions.swift in Sources */ = {isa = PBXBuildFile; fileRef = 0A776B1D20E944620070B765 /* GenericCollectionActions.swift */; };
		0A776B3020E944620070B765 /* GenericCollectionCellProtocol.swift in Sources */ = {isa = PBXBuildFile; fileRef = 0A776B1E20E944620070B765 /* GenericCollectionCellProtocol.swift */; };
		0A776B3120E944620070B765 /* GenericCollectionFooterSelfSizingProtocol.swift in Sources */ = {isa = PBXBuildFile; fileRef = 0A776B1F20E944620070B765 /* GenericCollectionFooterSelfSizingProtocol.swift */; };
		0A776B3220E944620070B765 /* GenericCollectionHeaderSelfSizingProtocol.swift in Sources */ = {isa = PBXBuildFile; fileRef = 0A776B2020E944620070B765 /* GenericCollectionHeaderSelfSizingProtocol.swift */; };
		0A776B3320E944620070B765 /* APIErrors.swift in Sources */ = {isa = PBXBuildFile; fileRef = 0A776B2320E944620070B765 /* APIErrors.swift */; };
		0A776B3520E944620070B765 /* DownloaderAbstract.swift in Sources */ = {isa = PBXBuildFile; fileRef = 0A776B2720E944620070B765 /* DownloaderAbstract.swift */; };
		0A776B4120E946600070B765 /* PostListViewController.swift in Sources */ = {isa = PBXBuildFile; fileRef = 0A776B4020E946600070B765 /* PostListViewController.swift */; };
		0A776B4320E9467C0070B765 /* PostDetailViewController.swift in Sources */ = {isa = PBXBuildFile; fileRef = 0A776B4220E9467C0070B765 /* PostDetailViewController.swift */; };
/* End PBXBuildFile section */

/* Begin PBXFileReference section */
		0A776AF720E9437A0070B765 /* Reddit Sample.app */ = {isa = PBXFileReference; explicitFileType = wrapper.application; includeInIndex = 0; path = "Reddit Sample.app"; sourceTree = BUILT_PRODUCTS_DIR; };
		0A776AFA20E9437A0070B765 /* AppDelegate.swift */ = {isa = PBXFileReference; lastKnownFileType = sourcecode.swift; path = AppDelegate.swift; sourceTree = "<group>"; };
		0A776AFF20E9437A0070B765 /* Base */ = {isa = PBXFileReference; lastKnownFileType = file.storyboard; name = Base; path = Base.lproj/Main.storyboard; sourceTree = "<group>"; };
		0A776B0120E9437A0070B765 /* Assets.xcassets */ = {isa = PBXFileReference; lastKnownFileType = folder.assetcatalog; path = Assets.xcassets; sourceTree = "<group>"; };
		0A776B0420E9437A0070B765 /* Base */ = {isa = PBXFileReference; lastKnownFileType = file.storyboard; name = Base; path = Base.lproj/LaunchScreen.storyboard; sourceTree = "<group>"; };
		0A776B0620E9437A0070B765 /* Info.plist */ = {isa = PBXFileReference; lastKnownFileType = text.plist.xml; path = Info.plist; sourceTree = "<group>"; };
		0A776B0F20E944620070B765 /* GenericCollectionViewDataSource.swift */ = {isa = PBXFileReference; fileEncoding = 4; lastKnownFileType = sourcecode.swift; path = GenericCollectionViewDataSource.swift; sourceTree = "<group>"; };
		0A776B1220E944620070B765 /* SizingType.swift */ = {isa = PBXFileReference; fileEncoding = 4; lastKnownFileType = sourcecode.swift; path = SizingType.swift; sourceTree = "<group>"; };
		0A776B1320E944620070B765 /* CollectionCellType.swift */ = {isa = PBXFileReference; fileEncoding = 4; lastKnownFileType = sourcecode.swift; path = CollectionCellType.swift; sourceTree = "<group>"; };
		0A776B1720E944620070B765 /* GenericCellConfigurator.swift */ = {isa = PBXFileReference; fileEncoding = 4; lastKnownFileType = sourcecode.swift; path = GenericCellConfigurator.swift; sourceTree = "<group>"; };
		0A776B1920E944620070B765 /* GenericCollectionViewDelegate.swift */ = {isa = PBXFileReference; fileEncoding = 4; lastKnownFileType = sourcecode.swift; path = GenericCollectionViewDelegate.swift; sourceTree = "<group>"; };
		0A776B1B20E944620070B765 /* GenericCollectionCellSelfSizingProtocol.swift */ = {isa = PBXFileReference; fileEncoding = 4; lastKnownFileType = sourcecode.swift; path = GenericCollectionCellSelfSizingProtocol.swift; sourceTree = "<group>"; };
		0A776B1C20E944620070B765 /* GenericCollectionHeaderProtocol.swift */ = {isa = PBXFileReference; fileEncoding = 4; lastKnownFileType = sourcecode.swift; path = GenericCollectionHeaderProtocol.swift; sourceTree = "<group>"; };
		0A776B1D20E944620070B765 /* GenericCollectionActions.swift */ = {isa = PBXFileReference; fileEncoding = 4; lastKnownFileType = sourcecode.swift; path = GenericCollectionActions.swift; sourceTree = "<group>"; };
		0A776B1E20E944620070B765 /* GenericCollectionCellProtocol.swift */ = {isa = PBXFileReference; fileEncoding = 4; lastKnownFileType = sourcecode.swift; path = GenericCollectionCellProtocol.swift; sourceTree = "<group>"; };
		0A776B1F20E944620070B765 /* GenericCollectionFooterSelfSizingProtocol.swift */ = {isa = PBXFileReference; fileEncoding = 4; lastKnownFileType = sourcecode.swift; path = GenericCollectionFooterSelfSizingProtocol.swift; sourceTree = "<group>"; };
		0A776B2020E944620070B765 /* GenericCollectionHeaderSelfSizingProtocol.swift */ = {isa = PBXFileReference; fileEncoding = 4; lastKnownFileType = sourcecode.swift; path = GenericCollectionHeaderSelfSizingProtocol.swift; sourceTree = "<group>"; };
		0A776B2320E944620070B765 /* APIErrors.swift */ = {isa = PBXFileReference; fileEncoding = 4; lastKnownFileType = sourcecode.swift; path = APIErrors.swift; sourceTree = "<group>"; };
		0A776B2720E944620070B765 /* DownloaderAbstract.swift */ = {isa = PBXFileReference; fileEncoding = 4; lastKnownFileType = sourcecode.swift; path = DownloaderAbstract.swift; sourceTree = "<group>"; };
		0A776B4020E946600070B765 /* PostListViewController.swift */ = {isa = PBXFileReference; lastKnownFileType = sourcecode.swift; path = PostListViewController.swift; sourceTree = "<group>"; };
		0A776B4220E9467C0070B765 /* PostDetailViewController.swift */ = {isa = PBXFileReference; lastKnownFileType = sourcecode.swift; path = PostDetailViewController.swift; sourceTree = "<group>"; };
/* End PBXFileReference section */

/* Begin PBXFrameworksBuildPhase section */
		0A776AF420E9437A0070B765 /* Frameworks */ = {
			isa = PBXFrameworksBuildPhase;
			buildActionMask = 2147483647;
			files = (
			);
			runOnlyForDeploymentPostprocessing = 0;
		};
/* End PBXFrameworksBuildPhase section */

/* Begin PBXGroup section */
		0A776AEE20E9437A0070B765 = {
			isa = PBXGroup;
			children = (
				0A776AF920E9437A0070B765 /* Reddit Sample */,
				0A776AF820E9437A0070B765 /* Products */,
			);
			sourceTree = "<group>";
		};
		0A776AF820E9437A0070B765 /* Products */ = {
			isa = PBXGroup;
			children = (
				0A776AF720E9437A0070B765 /* Reddit Sample.app */,
			);
			name = Products;
			sourceTree = "<group>";
		};
		0A776AF920E9437A0070B765 /* Reddit Sample */ = {
			isa = PBXGroup;
			children = (
				0A776B0C20E944620070B765 /* Utils */,
				0A776B3F20E9463D0070B765 /* Models */,
				0A776B3720E9459D0070B765 /* PostDetail */,
				0A776B3620E9457A0070B765 /* PostList */,
				0A776AFA20E9437A0070B765 /* AppDelegate.swift */,
				0A776AFE20E9437A0070B765 /* Main.storyboard */,
				0A776B0120E9437A0070B765 /* Assets.xcassets */,
				0A776B0320E9437A0070B765 /* LaunchScreen.storyboard */,
				0A776B0620E9437A0070B765 /* Info.plist */,
			);
			path = "Reddit Sample";
			sourceTree = "<group>";
		};
		0A776B0C20E944620070B765 /* Utils */ = {
			isa = PBXGroup;
			children = (
				0A776B0D20E944620070B765 /* CollectionView */,
				0A776B2120E944620070B765 /* Downloader */,
			);
			path = Utils;
			sourceTree = "<group>";
		};
		0A776B0D20E944620070B765 /* CollectionView */ = {
			isa = PBXGroup;
			children = (
				0A776B0E20E944620070B765 /* DataSources */,
				0A776B1120E944620070B765 /* Enums */,
				0A776B1620E944620070B765 /* Structs */,
				0A776B1820E944620070B765 /* Delegates */,
				0A776B1A20E944620070B765 /* Protocols */,
			);
			path = CollectionView;
			sourceTree = "<group>";
		};
		0A776B0E20E944620070B765 /* DataSources */ = {
			isa = PBXGroup;
			children = (
				0A776B0F20E944620070B765 /* GenericCollectionViewDataSource.swift */,
			);
			path = DataSources;
			sourceTree = "<group>";
		};
		0A776B1120E944620070B765 /* Enums */ = {
			isa = PBXGroup;
			children = (
				0A776B1220E944620070B765 /* SizingType.swift */,
				0A776B1320E944620070B765 /* CollectionCellType.swift */,
			);
			path = Enums;
			sourceTree = "<group>";
		};
		0A776B1620E944620070B765 /* Structs */ = {
			isa = PBXGroup;
			children = (
				0A776B1720E944620070B765 /* GenericCellConfigurator.swift */,
			);
			path = Structs;
			sourceTree = "<group>";
		};
		0A776B1820E944620070B765 /* Delegates */ = {
			isa = PBXGroup;
			children = (
				0A776B1920E944620070B765 /* GenericCollectionViewDelegate.swift */,
			);
			path = Delegates;
			sourceTree = "<group>";
		};
		0A776B1A20E944620070B765 /* Protocols */ = {
			isa = PBXGroup;
			children = (
				0A776B1B20E944620070B765 /* GenericCollectionCellSelfSizingProtocol.swift */,
				0A776B1C20E944620070B765 /* GenericCollectionHeaderProtocol.swift */,
				0A776B1D20E944620070B765 /* GenericCollectionActions.swift */,
				0A776B1E20E944620070B765 /* GenericCollectionCellProtocol.swift */,
				0A776B1F20E944620070B765 /* GenericCollectionFooterSelfSizingProtocol.swift */,
				0A776B2020E944620070B765 /* GenericCollectionHeaderSelfSizingProtocol.swift */,
			);
			path = Protocols;
			sourceTree = "<group>";
		};
		0A776B2120E944620070B765 /* Downloader */ = {
			isa = PBXGroup;
			children = (
				0A776B2220E944620070B765 /* Enums */,
				0A776B2620E944620070B765 /* Protocols */,
			);
			path = Downloader;
			sourceTree = "<group>";
		};
		0A776B2220E944620070B765 /* Enums */ = {
			isa = PBXGroup;
			children = (
				0A776B2320E944620070B765 /* APIErrors.swift */,
			);
			path = Enums;
			sourceTree = "<group>";
		};
		0A776B2620E944620070B765 /* Protocols */ = {
			isa = PBXGroup;
			children = (
				0A776B2720E944620070B765 /* DownloaderAbstract.swift */,
			);
			path = Protocols;
			sourceTree = "<group>";
		};
		0A776B3620E9457A0070B765 /* PostList */ = {
			isa = PBXGroup;
			children = (
				0A776B3E20E946300070B765 /* Service */,
				0A776B3B20E9460C0070B765 /* Cells */,
				0A776B3C20E9460C0070B765 /* Controllers */,
				0A776B3D20E9460C0070B765 /* Protocols */,
				0A776B3A20E9460C0070B765 /* ViewControllers */,
			);
			path = PostList;
			sourceTree = "<group>";
		};
		0A776B3720E9459D0070B765 /* PostDetail */ = {
			isa = PBXGroup;
			children = (
				0A776B3920E946000070B765 /* ViewControllers */,
			);
			path = PostDetail;
			sourceTree = "<group>";
		};
		0A776B3920E946000070B765 /* ViewControllers */ = {
			isa = PBXGroup;
			children = (
				0A776B4220E9467C0070B765 /* PostDetailViewController.swift */,
			);
			path = ViewControllers;
			sourceTree = "<group>";
		};
		0A776B3A20E9460C0070B765 /* ViewControllers */ = {
			isa = PBXGroup;
			children = (
				0A776B4020E946600070B765 /* PostListViewController.swift */,
			);
			path = ViewControllers;
			sourceTree = "<group>";
		};
		0A776B3B20E9460C0070B765 /* Cells */ = {
			isa = PBXGroup;
			children = (
			);
			path = Cells;
			sourceTree = "<group>";
		};
		0A776B3C20E9460C0070B765 /* Controllers */ = {
			isa = PBXGroup;
			children = (
			);
			path = Controllers;
			sourceTree = "<group>";
		};
		0A776B3D20E9460C0070B765 /* Protocols */ = {
			isa = PBXGroup;
			children = (
			);
			path = Protocols;
			sourceTree = "<group>";
		};
		0A776B3E20E946300070B765 /* Service */ = {
			isa = PBXGroup;
			children = (
			);
			path = Service;
			sourceTree = "<group>";
		};
		0A776B3F20E9463D0070B765 /* Models */ = {
			isa = PBXGroup;
			children = (
			);
			path = Models;
			sourceTree = "<group>";
		};
/* End PBXGroup section */

/* Begin PBXNativeTarget section */
		0A776AF620E9437A0070B765 /* Reddit Sample */ = {
			isa = PBXNativeTarget;
			buildConfigurationList = 0A776B0920E9437A0070B765 /* Build configuration list for PBXNativeTarget "Reddit Sample" */;
			buildPhases = (
				0A776AF320E9437A0070B765 /* Sources */,
				0A776AF420E9437A0070B765 /* Frameworks */,
				0A776AF520E9437A0070B765 /* Resources */,
			);
			buildRules = (
			);
			dependencies = (
			);
			name = "Reddit Sample";
			productName = "Reddit Sample";
			productReference = 0A776AF720E9437A0070B765 /* Reddit Sample.app */;
			productType = "com.apple.product-type.application";
		};
/* End PBXNativeTarget section */

/* Begin PBXProject section */
		0A776AEF20E9437A0070B765 /* Project object */ = {
			isa = PBXProject;
			attributes = {
				LastSwiftUpdateCheck = 0940;
				LastUpgradeCheck = 0940;
				ORGANIZATIONNAME = Kevin;
				TargetAttributes = {
					0A776AF620E9437A0070B765 = {
						CreatedOnToolsVersion = 9.4.1;
					};
				};
			};
			buildConfigurationList = 0A776AF220E9437A0070B765 /* Build configuration list for PBXProject "Reddit Sample" */;
			compatibilityVersion = "Xcode 9.3";
			developmentRegion = en;
			hasScannedForEncodings = 0;
			knownRegions = (
				en,
				Base,
			);
			mainGroup = 0A776AEE20E9437A0070B765;
			productRefGroup = 0A776AF820E9437A0070B765 /* Products */;
			projectDirPath = "";
			projectRoot = "";
			targets = (
				0A776AF620E9437A0070B765 /* Reddit Sample */,
			);
		};
/* End PBXProject section */

/* Begin PBXResourcesBuildPhase section */
		0A776AF520E9437A0070B765 /* Resources */ = {
			isa = PBXResourcesBuildPhase;
			buildActionMask = 2147483647;
			files = (
				0A776B0520E9437A0070B765 /* LaunchScreen.storyboard in Resources */,
				0A776B0220E9437A0070B765 /* Assets.xcassets in Resources */,
				0A776B0020E9437A0070B765 /* Main.storyboard in Resources */,
			);
			runOnlyForDeploymentPostprocessing = 0;
		};
/* End PBXResourcesBuildPhase section */

/* Begin PBXSourcesBuildPhase section */
		0A776AF320E9437A0070B765 /* Sources */ = {
			isa = PBXSourcesBuildPhase;
			buildActionMask = 2147483647;
			files = (
				0A776B2B20E944620070B765 /* GenericCellConfigurator.swift in Sources */,
				0A776B4320E9467C0070B765 /* PostDetailViewController.swift in Sources */,
				0A776B4120E946600070B765 /* PostListViewController.swift in Sources */,
				0A776B3320E944620070B765 /* APIErrors.swift in Sources */,
				0A776B2D20E944620070B765 /* GenericCollectionCellSelfSizingProtocol.swift in Sources */,
				0A776B2E20E944620070B765 /* GenericCollectionHeaderProtocol.swift in Sources */,
				0A776B3020E944620070B765 /* GenericCollectionCellProtocol.swift in Sources */,
				0A776B3520E944620070B765 /* DownloaderAbstract.swift in Sources */,
				0A776B2920E944620070B765 /* SizingType.swift in Sources */,
				0A776B3220E944620070B765 /* GenericCollectionHeaderSelfSizingProtocol.swift in Sources */,
				0A776B3120E944620070B765 /* GenericCollectionFooterSelfSizingProtocol.swift in Sources */,
				0A776B2820E944620070B765 /* GenericCollectionViewDataSource.swift in Sources */,
				0A776B2A20E944620070B765 /* CollectionCellType.swift in Sources */,
				0A776B2F20E944620070B765 /* GenericCollectionActions.swift in Sources */,
				0A776AFB20E9437A0070B765 /* AppDelegate.swift in Sources */,
				0A776B2C20E944620070B765 /* GenericCollectionViewDelegate.swift in Sources */,
			);
			runOnlyForDeploymentPostprocessing = 0;
		};
/* End PBXSourcesBuildPhase section */

/* Begin PBXVariantGroup section */
		0A776AFE20E9437A0070B765 /* Main.storyboard */ = {
			isa = PBXVariantGroup;
			children = (
				0A776AFF20E9437A0070B765 /* Base */,
			);
			name = Main.storyboard;
			sourceTree = "<group>";
		};
		0A776B0320E9437A0070B765 /* LaunchScreen.storyboard */ = {
			isa = PBXVariantGroup;
			children = (
				0A776B0420E9437A0070B765 /* Base */,
			);
			name = LaunchScreen.storyboard;
			sourceTree = "<group>";
		};
/* End PBXVariantGroup section */

/* Begin XCBuildConfiguration section */
		0A776B0720E9437A0070B765 /* Debug */ = {
			isa = XCBuildConfiguration;
			buildSettings = {
				ALWAYS_SEARCH_USER_PATHS = NO;
				CLANG_ANALYZER_NONNULL = YES;
				CLANG_ANALYZER_NUMBER_OBJECT_CONVERSION = YES_AGGRESSIVE;
				CLANG_CXX_LANGUAGE_STANDARD = "gnu++14";
				CLANG_CXX_LIBRARY = "libc++";
				CLANG_ENABLE_MODULES = YES;
				CLANG_ENABLE_OBJC_ARC = YES;
				CLANG_ENABLE_OBJC_WEAK = YES;
				CLANG_WARN_BLOCK_CAPTURE_AUTORELEASING = YES;
				CLANG_WARN_BOOL_CONVERSION = YES;
				CLANG_WARN_COMMA = YES;
				CLANG_WARN_CONSTANT_CONVERSION = YES;
				CLANG_WARN_DEPRECATED_OBJC_IMPLEMENTATIONS = YES;
				CLANG_WARN_DIRECT_OBJC_ISA_USAGE = YES_ERROR;
				CLANG_WARN_DOCUMENTATION_COMMENTS = YES;
				CLANG_WARN_EMPTY_BODY = YES;
				CLANG_WARN_ENUM_CONVERSION = YES;
				CLANG_WARN_INFINITE_RECURSION = YES;
				CLANG_WARN_INT_CONVERSION = YES;
				CLANG_WARN_NON_LITERAL_NULL_CONVERSION = YES;
				CLANG_WARN_OBJC_IMPLICIT_RETAIN_SELF = YES;
				CLANG_WARN_OBJC_LITERAL_CONVERSION = YES;
				CLANG_WARN_OBJC_ROOT_CLASS = YES_ERROR;
				CLANG_WARN_RANGE_LOOP_ANALYSIS = YES;
				CLANG_WARN_STRICT_PROTOTYPES = YES;
				CLANG_WARN_SUSPICIOUS_MOVE = YES;
				CLANG_WARN_UNGUARDED_AVAILABILITY = YES_AGGRESSIVE;
				CLANG_WARN_UNREACHABLE_CODE = YES;
				CLANG_WARN__DUPLICATE_METHOD_MATCH = YES;
				CODE_SIGN_IDENTITY = "iPhone Developer";
				COPY_PHASE_STRIP = NO;
				DEBUG_INFORMATION_FORMAT = dwarf;
				ENABLE_STRICT_OBJC_MSGSEND = YES;
				ENABLE_TESTABILITY = YES;
				GCC_C_LANGUAGE_STANDARD = gnu11;
				GCC_DYNAMIC_NO_PIC = NO;
				GCC_NO_COMMON_BLOCKS = YES;
				GCC_OPTIMIZATION_LEVEL = 0;
				GCC_PREPROCESSOR_DEFINITIONS = (
					"DEBUG=1",
					"$(inherited)",
				);
				GCC_WARN_64_TO_32_BIT_CONVERSION = YES;
				GCC_WARN_ABOUT_RETURN_TYPE = YES_ERROR;
				GCC_WARN_UNDECLARED_SELECTOR = YES;
				GCC_WARN_UNINITIALIZED_AUTOS = YES_AGGRESSIVE;
				GCC_WARN_UNUSED_FUNCTION = YES;
				GCC_WARN_UNUSED_VARIABLE = YES;
				IPHONEOS_DEPLOYMENT_TARGET = 11.4;
				MTL_ENABLE_DEBUG_INFO = YES;
				ONLY_ACTIVE_ARCH = YES;
				SDKROOT = iphoneos;
				SWIFT_ACTIVE_COMPILATION_CONDITIONS = DEBUG;
				SWIFT_OPTIMIZATION_LEVEL = "-Onone";
			};
			name = Debug;
		};
		0A776B0820E9437A0070B765 /* Release */ = {
			isa = XCBuildConfiguration;
			buildSettings = {
				ALWAYS_SEARCH_USER_PATHS = NO;
				CLANG_ANALYZER_NONNULL = YES;
				CLANG_ANALYZER_NUMBER_OBJECT_CONVERSION = YES_AGGRESSIVE;
				CLANG_CXX_LANGUAGE_STANDARD = "gnu++14";
				CLANG_CXX_LIBRARY = "libc++";
				CLANG_ENABLE_MODULES = YES;
				CLANG_ENABLE_OBJC_ARC = YES;
				CLANG_ENABLE_OBJC_WEAK = YES;
				CLANG_WARN_BLOCK_CAPTURE_AUTORELEASING = YES;
				CLANG_WARN_BOOL_CONVERSION = YES;
				CLANG_WARN_COMMA = YES;
				CLANG_WARN_CONSTANT_CONVERSION = YES;
				CLANG_WARN_DEPRECATED_OBJC_IMPLEMENTATIONS = YES;
				CLANG_WARN_DIRECT_OBJC_ISA_USAGE = YES_ERROR;
				CLANG_WARN_DOCUMENTATION_COMMENTS = YES;
				CLANG_WARN_EMPTY_BODY = YES;
				CLANG_WARN_ENUM_CONVERSION = YES;
				CLANG_WARN_INFINITE_RECURSION = YES;
				CLANG_WARN_INT_CONVERSION = YES;
				CLANG_WARN_NON_LITERAL_NULL_CONVERSION = YES;
				CLANG_WARN_OBJC_IMPLICIT_RETAIN_SELF = YES;
				CLANG_WARN_OBJC_LITERAL_CONVERSION = YES;
				CLANG_WARN_OBJC_ROOT_CLASS = YES_ERROR;
				CLANG_WARN_RANGE_LOOP_ANALYSIS = YES;
				CLANG_WARN_STRICT_PROTOTYPES = YES;
				CLANG_WARN_SUSPICIOUS_MOVE = YES;
				CLANG_WARN_UNGUARDED_AVAILABILITY = YES_AGGRESSIVE;
				CLANG_WARN_UNREACHABLE_CODE = YES;
				CLANG_WARN__DUPLICATE_METHOD_MATCH = YES;
				CODE_SIGN_IDENTITY = "iPhone Developer";
				COPY_PHASE_STRIP = NO;
				DEBUG_INFORMATION_FORMAT = "dwarf-with-dsym";
				ENABLE_NS_ASSERTIONS = NO;
				ENABLE_STRICT_OBJC_MSGSEND = YES;
				GCC_C_LANGUAGE_STANDARD = gnu11;
				GCC_NO_COMMON_BLOCKS = YES;
				GCC_WARN_64_TO_32_BIT_CONVERSION = YES;
				GCC_WARN_ABOUT_RETURN_TYPE = YES_ERROR;
				GCC_WARN_UNDECLARED_SELECTOR = YES;
				GCC_WARN_UNINITIALIZED_AUTOS = YES_AGGRESSIVE;
				GCC_WARN_UNUSED_FUNCTION = YES;
				GCC_WARN_UNUSED_VARIABLE = YES;
				IPHONEOS_DEPLOYMENT_TARGET = 11.4;
				MTL_ENABLE_DEBUG_INFO = NO;
				SDKROOT = iphoneos;
				SWIFT_COMPILATION_MODE = wholemodule;
				SWIFT_OPTIMIZATION_LEVEL = "-O";
				VALIDATE_PRODUCT = YES;
			};
			name = Release;
		};
		0A776B0A20E9437A0070B765 /* Debug */ = {
			isa = XCBuildConfiguration;
			buildSettings = {
				ASSETCATALOG_COMPILER_APPICON_NAME = AppIcon;
				CODE_SIGN_STYLE = Automatic;
				DEVELOPMENT_TEAM = 47UYYKAK2U;
				INFOPLIST_FILE = "Reddit Sample/Info.plist";
				LD_RUNPATH_SEARCH_PATHS = (
					"$(inherited)",
					"@executable_path/Frameworks",
				);
				PRODUCT_BUNDLE_IDENTIFIER = "com.belterkevin.Reddit-Sample";
				PRODUCT_NAME = "$(TARGET_NAME)";
				SWIFT_VERSION = 4.0;
				TARGETED_DEVICE_FAMILY = "1,2";
			};
			name = Debug;
		};
		0A776B0B20E9437A0070B765 /* Release */ = {
			isa = XCBuildConfiguration;
			buildSettings = {
				ASSETCATALOG_COMPILER_APPICON_NAME = AppIcon;
				CODE_SIGN_STYLE = Automatic;
				DEVELOPMENT_TEAM = 47UYYKAK2U;
				INFOPLIST_FILE = "Reddit Sample/Info.plist";
				LD_RUNPATH_SEARCH_PATHS = (
					"$(inherited)",
					"@executable_path/Frameworks",
				);
				PRODUCT_BUNDLE_IDENTIFIER = "com.belterkevin.Reddit-Sample";
				PRODUCT_NAME = "$(TARGET_NAME)";
				SWIFT_VERSION = 4.0;
				TARGETED_DEVICE_FAMILY = "1,2";
			};
			name = Release;
		};
/* End XCBuildConfiguration section */

/* Begin XCConfigurationList section */
		0A776AF220E9437A0070B765 /* Build configuration list for PBXProject "Reddit Sample" */ = {
			isa = XCConfigurationList;
			buildConfigurations = (
				0A776B0720E9437A0070B765 /* Debug */,
				0A776B0820E9437A0070B765 /* Release */,
			);
			defaultConfigurationIsVisible = 0;
			defaultConfigurationName = Release;
		};
		0A776B0920E9437A0070B765 /* Build configuration list for PBXNativeTarget "Reddit Sample" */ = {
			isa = XCConfigurationList;
			buildConfigurations = (
				0A776B0A20E9437A0070B765 /* Debug */,
				0A776B0B20E9437A0070B765 /* Release */,
			);
			defaultConfigurationIsVisible = 0;
			defaultConfigurationName = Release;
		};
/* End XCConfigurationList section */
	};
	rootObject = 0A776AEF20E9437A0070B765 /* Project object */;
}
